
Microsoft Visual Studio Solution File, Format Version 12.00
# Visual Studio 15
VisualStudioVersion = 15.0.28307.106
MinimumVisualStudioVersion = 10.0.40219.1
Project("{A0786B88-2ADB-4C21-ABE8-AA2D79766269}") = "cms", "cms.phpproj", "{18C47F78-A7B6-486D-8E9A-677D3CCEB5AC}"
EndProject
Global
	GlobalSection(SolutionConfigurationPlatforms) = preSolution
		Debug|Any CPU = Debug|Any CPU
		Release|Any CPU = Release|Any CPU
	EndGlobalSection
	GlobalSection(ProjectConfigurationPlatforms) = postSolution
		{18C47F78-A7B6-486D-8E9A-677D3CCEB5AC}.Debug|Any CPU.ActiveCfg = Debug|Any CPU
		{18C47F78-A7B6-486D-8E9A-677D3CCEB5AC}.Release|Any CPU.ActiveCfg = Release|Any CPU
	EndGlobalSection
	GlobalSection(SolutionProperties) = preSolution
		HideSolutionNode = FALSE
	EndGlobalSection
	GlobalSection(ExtensibilityGlobals) = postSolution
		SolutionGuid = {5FCC39A0-AF2B-4C59-B500-F7C5BD3FCA41}
	EndGlobalSection
EndGlobal
